{
  "name": "broccoli-sass-source-maps",
  "version": "4.0.0",
  "lockfileVersion": 1,
  "requires": true,
  "dependencies": {
    "balanced-match": {
      "version": "1.0.0",
      "resolved": "https://registry.npmjs.org/balanced-match/-/balanced-match-1.0.0.tgz",
      "integrity": "sha1-ibTRmasr7kneFk6gK4nORi1xt2c="
    },
    "brace-expansion": {
      "version": "1.1.8",
      "resolved": "https://registry.npmjs.org/brace-expansion/-/brace-expansion-1.1.8.tgz",
      "integrity": "sha1-wHshHHyVLsH479Uad+8NHTmQopI=",
      "requires": {
        "balanced-match": "1.0.0",
        "concat-map": "0.0.1"
      }
    },
    "broccoli-caching-writer": {
      "version": "3.0.3",
      "resolved": "https://registry.npmjs.org/broccoli-caching-writer/-/broccoli-caching-writer-3.0.3.tgz",
      "integrity": "sha1-C9LJapc41qarWQ8HujXFFX19tHY=",
      "requires": {
        "broccoli-kitchen-sink-helpers": "0.3.1",
        "broccoli-plugin": "1.3.0",
        "debug": "2.6.9",
        "rimraf": "2.6.2",
        "rsvp": "3.0.21",
        "walk-sync": "0.3.2"
      }
    },
    "broccoli-kitchen-sink-helpers": {
      "version": "0.3.1",
      "resolved": "https://registry.npmjs.org/broccoli-kitchen-sink-helpers/-/broccoli-kitchen-sink-helpers-0.3.1.tgz",
      "integrity": "sha1-d8fBgZS5ZkFj7E/O4nk0RJJuDAY=",
      "requires": {
        "glob": "5.0.15",
        "mkdirp": "0.5.1"
      },
      "dependencies": {
        "glob": {
          "version": "5.0.15",
          "resolved": "https://registry.npmjs.org/glob/-/glob-5.0.15.tgz",
          "integrity": "sha1-G8k2ueAvSmA/zCIuz3Yz0wuLk7E=",
          "requires": {
            "inflight": "1.0.6",
            "inherits": "2.0.3",
            "minimatch": "3.0.4",
            "once": "1.4.0",
            "path-is-absolute": "1.0.1"
          }
        },
        "minimist": {
          "version": "0.0.8",
          "resolved": "https://registry.npmjs.org/minimist/-/minimist-0.0.8.tgz",
          "integrity": "sha1-hX/Kv8M5fSYluCKCYuhqp6ARsF0="
        },
        "mkdirp": {
          "version": "0.5.1",
          "resolved": "https://registry.npmjs.org/mkdirp/-/mkdirp-0.5.1.tgz",
          "integrity": "sha1-MAV0OOrGz3+MR2fzhkjWaX11yQM=",
          "requires": {
            "minimist": "0.0.8"
          }
        }
      }
    },
    "broccoli-plugin": {
      "version": "1.3.0",
      "resolved": "https://registry.npmjs.org/broccoli-plugin/-/broccoli-plugin-1.3.0.tgz",
      "integrity": "sha1-vucEqOQtoIy1jlE6qkNu+38O8e4=",
      "requires": {
        "promise-map-series": "0.2.3",
        "quick-temp": "0.1.8",
        "rimraf": "2.6.2",
        "symlink-or-copy": "1.1.8"
      }
    },
    "concat-map": {
      "version": "0.0.1",
      "resolved": "https://registry.npmjs.org/concat-map/-/concat-map-0.0.1.tgz",
      "integrity": "sha1-2Klr13/Wjfd5OnMDajug1UBdR3s="
    },
    "debug": {
      "version": "2.6.9",
      "resolved": "https://registry.npmjs.org/debug/-/debug-2.6.9.tgz",
      "integrity": "sha512-bC7ElrdJaJnPbAP+1EotYvqZsb3ecl5wi6Bfi6BJTUcNowp6cvspg0jXznRTKDjm/E7AdgFBVeAPVMNcKGsHMA==",
      "requires": {
        "ms": "2.0.0"
      }
    },
    "ensure-posix-path": {
      "version": "1.0.2",
      "resolved": "https://registry.npmjs.org/ensure-posix-path/-/ensure-posix-path-1.0.2.tgz",
      "integrity": "sha1-pls+QtC3HPxYXrd0+ZQ8jZuRsMI="
    },
    "fs.realpath": {
      "version": "1.0.0",
      "resolved": "https://registry.npmjs.org/fs.realpath/-/fs.realpath-1.0.0.tgz",
      "integrity": "sha1-FQStJSMVjKpA20onh8sBQRmU6k8="
    },
    "glob": {
      "version": "7.1.2",
      "resolved": "https://registry.npmjs.org/glob/-/glob-7.1.2.tgz",
      "integrity": "sha512-MJTUg1kjuLeQCJ+ccE4Vpa6kKVXkPYJ2mOCQyUuKLcLQsdrMCpBPUi8qVE6+YuaJkozeA9NusTAw3hLr8Xe5EQ==",
      "requires": {
        "fs.realpath": "1.0.0",
        "inflight": "1.0.6",
        "inherits": "2.0.3",
        "minimatch": "3.0.4",
        "once": "1.4.0",
        "path-is-absolute": "1.0.1"
      }
    },
    "include-path-searcher": {
      "version": "0.1.0",
      "resolved": "https://registry.npmjs.org/include-path-searcher/-/include-path-searcher-0.1.0.tgz",
      "integrity": "sha1-wM8t36Fk+y6uB7x8pDp/GRy0170="
    },
    "inflight": {
      "version": "1.0.6",
      "resolved": "https://registry.npmjs.org/inflight/-/inflight-1.0.6.tgz",
      "integrity": "sha1-Sb1jMdfQLQwJvJEKEHW6gWW1bfk=",
      "requires": {
        "once": "1.4.0",
        "wrappy": "1.0.2"
      }
    },
    "inherits": {
      "version": "2.0.3",
      "resolved": "https://registry.npmjs.org/inherits/-/inherits-2.0.3.tgz",
      "integrity": "sha1-Yzwsg+PaQqUC9SRmAiSA9CCCYd4="
    },
    "matcher-collection": {
      "version": "1.0.5",
      "resolved": "https://registry.npmjs.org/matcher-collection/-/matcher-collection-1.0.5.tgz",
      "integrity": "sha512-nUCmzKipcJEwYsBVAFh5P+d7JBuhJaW1xs85Hara9xuMLqtCVUrW6DSC0JVIkluxEH2W45nPBM/wjHtBXa/tYA==",
      "requires": {
        "minimatch": "3.0.4"
      }
    },
    "minimatch": {
      "version": "3.0.4",
      "resolved": "https://registry.npmjs.org/minimatch/-/minimatch-3.0.4.tgz",
      "integrity": "sha512-yJHVQEhyqPLUTgt9B83PXu6W3rx4MvvHvSUvToogpwoGDOUQ+yDrR0HRot+yOCdCO7u4hX3pWft6kWBBcqh0UA==",
      "requires": {
        "brace-expansion": "1.1.8"
      }
    },
    "mkdirp": {
      "version": "0.3.5",
      "resolved": "https://registry.npmjs.org/mkdirp/-/mkdirp-0.3.5.tgz",
      "integrity": "sha1-3j5fiWHIjHh+4TaN+EmsRBPsqNc="
    },
    "mktemp": {
      "version": "0.4.0",
      "resolved": "https://registry.npmjs.org/mktemp/-/mktemp-0.4.0.tgz",
      "integrity": "sha1-bQUVYRyKjITkhKogABKbmOmB/ws="
    },
    "ms": {
      "version": "2.0.0",
      "resolved": "https://registry.npmjs.org/ms/-/ms-2.0.0.tgz",
      "integrity": "sha1-VgiurfwAvmwpAd9fmGF4jeDVl8g="
    },
    "object-assign": {
      "version": "2.1.1",
      "resolved": "https://registry.npmjs.org/object-assign/-/object-assign-2.1.1.tgz",
      "integrity": "sha1-Q8NuXVaf+OSBbE76i+AtJpZ8GKo="
    },
    "once": {
      "version": "1.4.0",
      "resolved": "https://registry.npmjs.org/once/-/once-1.4.0.tgz",
      "integrity": "sha1-WDsap3WWHUsROsF9nFC6753Xa9E=",
      "requires": {
        "wrappy": "1.0.2"
      }
    },
    "path-is-absolute": {
      "version": "1.0.1",
      "resolved": "https://registry.npmjs.org/path-is-absolute/-/path-is-absolute-1.0.1.tgz",
      "integrity": "sha1-F0uSaHNVNP+8es5r9TpanhtcX18="
    },
    "promise-map-series": {
      "version": "0.2.3",
      "resolved": "https://registry.npmjs.org/promise-map-series/-/promise-map-series-0.2.3.tgz",
      "integrity": "sha1-wtN3r8kyU/a9A9u3d1XriKsgqEc=",
      "requires": {
        "rsvp": "3.0.21"
      }
    },
    "quick-temp": {
      "version": "0.1.8",
      "resolved": "https://registry.npmjs.org/quick-temp/-/quick-temp-0.1.8.tgz",
      "integrity": "sha1-urAqJCq4+w3XWKPJd2sy+aXZRAg=",
      "requires": {
        "mktemp": "0.4.0",
        "rimraf": "2.6.2",
        "underscore.string": "3.3.4"
      }
    },
    "rimraf": {
      "version": "2.6.2",
      "resolved": "https://registry.npmjs.org/rimraf/-/rimraf-2.6.2.tgz",
      "integrity": "sha512-lreewLK/BlghmxtfH36YYVg1i8IAce4TI7oao75I1g245+6BctqTVQiBP3YUJ9C6DQOXJmkYR9X9fCLtCOJc5w==",
      "requires": {
        "glob": "7.1.2"
      }
    },
    "rsvp": {
      "version": "3.0.21",
      "resolved": "https://registry.npmjs.org/rsvp/-/rsvp-3.0.21.tgz",
      "integrity": "sha1-ScWI/hjvKTvNCrn05nVuasQzNZ8="
    },
    "sprintf-js": {
      "version": "1.1.1",
      "resolved": "https://registry.npmjs.org/sprintf-js/-/sprintf-js-1.1.1.tgz",
      "integrity": "sha1-Nr54Mgr+WAH2zqPueLblqrlA6gw="
    },
    "symlink-or-copy": {
      "version": "1.1.8",
      "resolved": "https://registry.npmjs.org/symlink-or-copy/-/symlink-or-copy-1.1.8.tgz",
      "integrity": "sha1-yr5h4AEMHAI8Fzsl7lEIs39LSqM="
    },
    "underscore.string": {
      "version": "3.3.4",
      "resolved": "https://registry.npmjs.org/underscore.string/-/underscore.string-3.3.4.tgz",
      "integrity": "sha1-LCo/n4PmR2L9xF5s6sZRQoZCE9s=",
      "requires": {
        "sprintf-js": "1.1.1",
        "util-deprecate": "1.0.2"
      }
    },
    "util-deprecate": {
      "version": "1.0.2",
      "resolved": "https://registry.npmjs.org/util-deprecate/-/util-deprecate-1.0.2.tgz",
      "integrity": "sha1-RQ1Nyfpw3nMnYvvS1KKJgUGaDM8="
    },
    "walk-sync": {
      "version": "0.3.2",
      "resolved": "https://registry.npmjs.org/walk-sync/-/walk-sync-0.3.2.tgz",
      "integrity": "sha512-FMB5VqpLqOCcqrzA9okZFc0wq0Qbmdm396qJxvQZhDpyu0W95G9JCmp74tx7iyYnyOcBtUuKJsgIKAqjozvmmQ==",
      "requires": {
        "ensure-posix-path": "1.0.2",
        "matcher-collection": "1.0.5"
      }
    },
    "wrappy": {
      "version": "1.0.2",
      "resolved": "https://registry.npmjs.org/wrappy/-/wrappy-1.0.2.tgz",
      "integrity": "sha1-tSQ9jz7BqjXxNkYFvA0QNuMKtp8="
    }
  }
}
